[[package]]
name = "char-iter"
version = "0.1.0"
source = "registry+https://github.com/rust-lang/crates.io-index"

[[package]]
name = "either"
version = "1.1.0"
source = "registry+https://github.com/rust-lang/crates.io-index"

[[package]]
name = "iterators"
version = "0.1.0"
dependencies = [
 "char-iter 0.1.0 (registry+https://github.com/rust-lang/crates.io-index)",
 "itertools 0.8.0 (registry+https://github.com/rust-lang/crates.io-index)",
]

[[package]]
name = "itertools"
version = "0.8.0"
source = "registry+https://github.com/rust-lang/crates.io-index"
dependencies = [
 "either 1.1.0 (registry+https://github.com/rust-lang/crates.io-index)",
]

[metadata]
"checksum char-iter 0.1.0 (registry+https://github.com/rust-lang/crates.io-index)" = "03d6bd66ffe2fce2488985b469557d94e5a7b9b94d8ec1e566e3b6cadd5e41c8"
"checksum either 1.1.0 (registry+https://github.com/rust-lang/crates.io-index)" = "18785c1ba806c258137c937e44ada9ee7e69a37e3c72077542cd2f069d78562a"
"checksum itertools 0.8.0 (registry+https://github.com/rust-lang/crates.io-index)" = "5b8467d9c1cebe26feb08c640139247fac215782d35371ade9a2136ed6085358"
